// !$*UTF8*$!
{
	archiveVersion = 1;
	classes = {
	};
	objectVersion = 77;
	objects = {

/* Begin PBXBuildFile section */
		B8706B172E70326A0029F18A /* .gitignore in Resources */ = {isa = PBXBuildFile; fileRef = B8706B162E7032640029F18A /* .gitignore */; };
/* End PBXBuildFile section */

/* Begin PBXContainerItemProxy section */
		B807337B2E58553E00B3551C /* PBXContainerItemProxy */ = {
			isa = PBXContainerItemProxy;
			containerPortal = B80733652E58553D00B3551C /* Project object */;
			proxyType = 1;
			remoteGlobalIDString = B807336C2E58553D00B3551C;
			remoteInfo = "Tutor Panel";
		};
		B80733852E58553F00B3551C /* PBXContainerItemProxy */ = {
			isa = PBXContainerItemProxy;
			containerPortal = B80733652E58553D00B3551C /* Project object */;
			proxyType = 1;
			remoteGlobalIDString = B807336C2E58553D00B3551C;
			remoteInfo = "Tutor Panel";
		};
/* End PBXContainerItemProxy section */

/* Begin PBXFileReference section */
		B807336D2E58553D00B3551C /* Tutor Panel.app */ = {isa = PBXFileReference; explicitFileType = wrapper.application; includeInIndex = 0; path = "Tutor Panel.app"; sourceTree = BUILT_PRODUCTS_DIR; };
		B807337A2E58553E00B3551C /* Tutor PanelTests.xctest */ = {isa = PBXFileReference; explicitFileType = wrapper.cfbundle; includeInIndex = 0; path = "Tutor PanelTests.xctest"; sourceTree = BUILT_PRODUCTS_DIR; };
		B80733842E58553F00B3551C /* Tutor PanelUITests.xctest */ = {isa = PBXFileReference; explicitFileType = wrapper.cfbundle; includeInIndex = 0; path = "Tutor PanelUITests.xctest"; sourceTree = BUILT_PRODUCTS_DIR; };
		B8706B162E7032640029F18A /* .gitignore */ = {isa = PBXFileReference; lastKnownFileType = text; path = .gitignore; sourceTree = "<group>"; };
/* End PBXFileReference section */

/* Begin PBXFileSystemSynchronizedRootGroup section */
		B807336F2E58553D00B3551C /* Tutor Panel */ = {
			isa = PBXFileSystemSynchronizedRootGroup;
			path = "Tutor Panel";
			sourceTree = "<group>";
		};
		B807337D2E58553E00B3551C /* Tutor PanelTests */ = {
			isa = PBXFileSystemSynchronizedRootGroup;
			path = "Tutor PanelTests";
			sourceTree = "<group>";
		};
		B80733872E58553F00B3551C /* Tutor PanelUITests */ = {
			isa = PBXFileSystemSynchronizedRootGroup;
			path = "Tutor PanelUITests";
			sourceTree = "<group>";
		};
		B80733A92E585A2500B3551C /* Screens */ = {
			isa = PBXFileSystemSynchronizedRootGroup;
			path = Screens;
			sourceTree = "<group>";
		};
/* End PBXFileSystemSynchronizedRootGroup section */

/* Begin PBXFrameworksBuildPhase section */
		B807336A2E58553D00B3551C /* Frameworks */ = {
			isa = PBXFrameworksBuildPhase;
			buildActionMask = 2147483647;
			files = (
			);
			runOnlyForDeploymentPostprocessing = 0;
		};
		B80733772E58553E00B3551C /* Frameworks */ = {
			isa = PBXFrameworksBuildPhase;
			buildActionMask = 2147483647;
			files = (
			);
			runOnlyForDeploymentPostprocessing = 0;
		};
		B80733812E58553F00B3551C /* Frameworks */ = {
			isa = PBXFrameworksBuildPhase;
			buildActionMask = 2147483647;
			files = (
			);
			runOnlyForDeploymentPostprocessing = 0;
		};
/* End PBXFrameworksBuildPhase section */

/* Begin PBXGroup section */
		B80733642E58553D00B3551C = {
			isa = PBXGroup;
			children = (
				B8706B162E7032640029F18A /* .gitignore */,
				B807336F2E58553D00B3551C /* Tutor Panel */,
				B807337D2E58553E00B3551C /* Tutor PanelTests */,
				B80733872E58553F00B3551C /* Tutor PanelUITests */,
				B807336E2E58553D00B3551C /* Products */,
				B80733A92E585A2500B3551C /* Screens */,
			);
			sourceTree = "<group>";
		};
		B807336E2E58553D00B3551C /* Products */ = {
			isa = PBXGroup;
			children = (
				B807336D2E58553D00B3551C /* Tutor Panel.app */,
				B807337A2E58553E00B3551C /* Tutor PanelTests.xctest */,
				B80733842E58553F00B3551C /* Tutor PanelUITests.xctest */,
			);
			name = Products;
			sourceTree = "<group>";
		};
/* End PBXGroup section */

/* Begin PBXNativeTarget section */
		B807336C2E58553D00B3551C /* Tutor Panel */ = {
			isa = PBXNativeTarget;
			buildConfigurationList = B807338E2E58553F00B3551C /* Build configuration list for PBXNativeTarget "Tutor Panel" */;
			buildPhases = (
				B80733692E58553D00B3551C /* Sources */,
				B807336A2E58553D00B3551C /* Frameworks */,
				B807336B2E58553D00B3551C /* Resources */,
			);
			buildRules = (
			);
			dependencies = (
			);
			fileSystemSynchronizedGroups = (
				B807336F2E58553D00B3551C /* Tutor Panel */,
				B80733A92E585A2500B3551C /* Screens */,
			);
			name = "Tutor Panel";
			packageProductDependencies = (
			);
			productName = "Tutor Panel";
			productReference = B807336D2E58553D00B3551C /* Tutor Panel.app */;
			productType = "com.apple.product-type.application";
		};
		B80733792E58553E00B3551C /* Tutor PanelTests */ = {
			isa = PBXNativeTarget;
			buildConfigurationList = B80733912E58553F00B3551C /* Build configuration list for PBXNativeTarget "Tutor PanelTests" */;
			buildPhases = (
				B80733762E58553E00B3551C /* Sources */,
				B80733772E58553E00B3551C /* Frameworks */,
				B80733782E58553E00B3551C /* Resources */,
			);
			buildRules = (
			);
			dependencies = (
				B807337C2E58553E00B3551C /* PBXTargetDependency */,
			);
			fileSystemSynchronizedGroups = (
				B807337D2E58553E00B3551C /* Tutor PanelTests */,
			);
			name = "Tutor PanelTests";
			packageProductDependencies = (
			);
			productName = "Tutor PanelTests";
			productReference = B807337A2E58553E00B3551C /* Tutor PanelTests.xctest */;
			productType = "com.apple.product-type.bundle.unit-test";
		};
		B80733832E58553F00B3551C /* Tutor PanelUITests */ = {
			isa = PBXNativeTarget;
			buildConfigurationList = B80733942E58553F00B3551C /* Build configuration list for PBXNativeTarget "Tutor PanelUITests" */;
			buildPhases = (
				B80733802E58553F00B3551C /* Sources */,
				B80733812E58553F00B3551C /* Frameworks */,
				B80733822E58553F00B3551C /* Resources */,
			);
			buildRules = (
			);
			dependencies = (
				B80733862E58553F00B3551C /* PBXTargetDependency */,
			);
			fileSystemSynchronizedGroups = (
				B80733872E58553F00B3551C /* Tutor PanelUITests */,
			);
			name = "Tutor PanelUITests";
			packageProductDependencies = (
			);
			productName = "Tutor PanelUITests";
			productReference = B80733842E58553F00B3551C /* Tutor PanelUITests.xctest */;
			productType = "com.apple.product-type.bundle.ui-testing";
		};
/* End PBXNativeTarget section */

/* Begin PBXProject section */
		B80733652E58553D00B3551C /* Project object */ = {
			isa = PBXProject;
			attributes = {
				BuildIndependentTargetsInParallel = 1;
				LastSwiftUpdateCheck = 1640;
				LastUpgradeCheck = 1640;
				TargetAttributes = {
					B807336C2E58553D00B3551C = {
						CreatedOnToolsVersion = 16.4;
					};
					B80733792E58553E00B3551C = {
						CreatedOnToolsVersion = 16.4;
						TestTargetID = B807336C2E58553D00B3551C;
					};
					B80733832E58553F00B3551C = {
						CreatedOnToolsVersion = 16.4;
						TestTargetID = B807336C2E58553D00B3551C;
					};
				};
			};
			buildConfigurationList = B80733682E58553D00B3551C /* Build configuration list for PBXProject "Tutor Panel" */;
			developmentRegion = en;
			hasScannedForEncodings = 0;
			knownRegions = (
				en,
				Base,
			);
			mainGroup = B80733642E58553D00B3551C;
			minimizedProjectReferenceProxies = 1;
			packageReferences = (
				B82307042E68412900D7C86D /* XCRemoteSwiftPackageReference "Alamofire" */,
			);
			preferredProjectObjectVersion = 77;
			productRefGroup = B807336E2E58553D00B3551C /* Products */;
			projectDirPath = "";
			projectRoot = "";
			targets = (
				B807336C2E58553D00B3551C /* Tutor Panel */,
				B80733792E58553E00B3551C /* Tutor PanelTests */,
				B80733832E58553F00B3551C /* Tutor PanelUITests */,
			);
		};
/* End PBXProject section */

/* Begin PBXResourcesBuildPhase section */
		B807336B2E58553D00B3551C /* Resources */ = {
			isa = PBXResourcesBuildPhase;
			buildActionMask = 2147483647;
			files = (
				B8706B172E70326A0029F18A /* .gitignore in Resources */,
			);
			runOnlyForDeploymentPostprocessing = 0;
		};
		B80733782E58553E00B3551C /* Resources */ = {
			isa = PBXResourcesBuildPhase;
			buildActionMask = 2147483647;
			files = (
			);
			runOnlyForDeploymentPostprocessing = 0;
		};
		B80733822E58553F00B3551C /* Resources */ = {
			isa = PBXResourcesBuildPhase;
			buildActionMask = 2147483647;
			files = (
			);
			runOnlyForDeploymentPostprocessing = 0;
		};
/* End PBXResourcesBuildPhase section */

/* Begin PBXSourcesBuildPhase section */
		B80733692E58553D00B3551C /* Sources */ = {
			isa = PBXSourcesBuildPhase;
			buildActionMask = 2147483647;
			files = (
			);
			runOnlyForDeploymentPostprocessing = 0;
		};
		B80733762E58553E00B3551C /* Sources */ = {
			isa = PBXSourcesBuildPhase;
			buildActionMask = 2147483647;
			files = (
			);
			runOnlyForDeploymentPostprocessing = 0;
		};
		B80733802E58553F00B3551C /* Sources */ = {
			isa = PBXSourcesBuildPhase;
			buildActionMask = 2147483647;
			files = (
			);
			runOnlyForDeploymentPostprocessing = 0;
		};
/* End PBXSourcesBuildPhase section */

/* Begin PBXTargetDependency section */
		B807337C2E58553E00B3551C /* PBXTargetDependency */ = {
			isa = PBXTargetDependency;
			target = B807336C2E58553D00B3551C /* Tutor Panel */;
			targetProxy = B807337B2E58553E00B3551C /* PBXContainerItemProxy */;
		};
		B80733862E58553F00B3551C /* PBXTargetDependency */ = {
			isa = PBXTargetDependency;
			target = B807336C2E58553D00B3551C /* Tutor Panel */;
			targetProxy = B80733852E58553F00B3551C /* PBXContainerItemProxy */;
		};
/* End PBXTargetDependency section */

/* Begin XCBuildConfiguration section */
		B807338C2E58553F00B3551C /* Debug */ = {
			isa = XCBuildConfiguration;
			buildSettings = {
				ALWAYS_SEARCH_USER_PATHS = NO;
				ASSETCATALOG_COMPILER_GENERATE_SWIFT_ASSET_SYMBOL_EXTENSIONS = YES;
				CLANG_ANALYZER_NONNULL = YES;
				CLANG_ANALYZER_NUMBER_OBJECT_CONVERSION = YES_AGGRESSIVE;
				CLANG_CXX_LANGUAGE_STANDARD = "gnu++20";
				CLANG_ENABLE_MODULES = YES;
				CLANG_ENABLE_OBJC_ARC = YES;
				CLANG_ENABLE_OBJC_WEAK = YES;
				CLANG_WARN_BLOCK_CAPTURE_AUTORELEASING = YES;
				CLANG_WARN_BOOL_CONVERSION = YES;
				CLANG_WARN_COMMA = YES;
				CLANG_WARN_CONSTANT_CONVERSION = YES;
				CLANG_WARN_DEPRECATED_OBJC_IMPLEMENTATIONS = YES;
				CLANG_WARN_DIRECT_OBJC_ISA_USAGE = YES_ERROR;
				CLANG_WARN_DOCUMENTATION_COMMENTS = YES;
				CLANG_WARN_EMPTY_BODY = YES;
				CLANG_WARN_ENUM_CONVERSION = YES;
				CLANG_WARN_INFINITE_RECURSION = YES;
				CLANG_WARN_INT_CONVERSION = YES;
				CLANG_WARN_NON_LITERAL_NULL_CONVERSION = YES;
				CLANG_WARN_OBJC_IMPLICIT_RETAIN_SELF = YES;
				CLANG_WARN_OBJC_LITERAL_CONVERSION = YES;
				CLANG_WARN_OBJC_ROOT_CLASS = YES_ERROR;
				CLANG_WARN_QUOTED_INCLUDE_IN_FRAMEWORK_HEADER = YES;
				CLANG_WARN_RANGE_LOOP_ANALYSIS = YES;
				CLANG_WARN_STRICT_PROTOTYPES = YES;
				CLANG_WARN_SUSPICIOUS_MOVE = YES;
				CLANG_WARN_UNGUARDED_AVAILABILITY = YES_AGGRESSIVE;
				CLANG_WARN_UNREACHABLE_CODE = YES;
				CLANG_WARN__DUPLICATE_METHOD_MATCH = YES;
				COPY_PHASE_STRIP = NO;
				DEBUG_INFORMATION_FORMAT = dwarf;
				ENABLE_STRICT_OBJC_MSGSEND = YES;
				ENABLE_TESTABILITY = YES;
				ENABLE_USER_SCRIPT_SANDBOXING = YES;
				GCC_C_LANGUAGE_STANDARD = gnu17;
				GCC_DYNAMIC_NO_PIC = NO;
				GCC_NO_COMMON_BLOCKS = YES;
				GCC_OPTIMIZATION_LEVEL = 0;
				GCC_PREPROCESSOR_DEFINITIONS = (
					"DEBUG=1",
					"$(inherited)",
				);
				GCC_WARN_64_TO_32_BIT_CONVERSION = YES;
				GCC_WARN_ABOUT_RETURN_TYPE = YES_ERROR;
				GCC_WARN_UNDECLARED_SELECTOR = YES;
				GCC_WARN_UNINITIALIZED_AUTOS = YES_AGGRESSIVE;
				GCC_WARN_UNUSED_FUNCTION = YES;
				GCC_WARN_UNUSED_VARIABLE = YES;
				IPHONEOS_DEPLOYMENT_TARGET = 18.5;
				LOCALIZATION_PREFERS_STRING_CATALOGS = YES;
				MTL_ENABLE_DEBUG_INFO = INCLUDE_SOURCE;
				MTL_FAST_MATH = YES;
				ONLY_ACTIVE_ARCH = YES;
				SDKROOT = iphoneos;
				SWIFT_ACTIVE_COMPILATION_CONDITIONS = "DEBUG $(inherited)";
				SWIFT_OPTIMIZATION_LEVEL = "-Onone";
			};
			name = Debug;
		};
		B807338D2E58553F00B3551C /* Release */ = {
			isa = XCBuildConfiguration;
			buildSettings = {
				ALWAYS_SEARCH_USER_PATHS = NO;
				ASSETCATALOG_COMPILER_GENERATE_SWIFT_ASSET_SYMBOL_EXTENSIONS = YES;
				CLANG_ANALYZER_NONNULL = YES;
				CLANG_ANALYZER_NUMBER_OBJECT_CONVERSION = YES_AGGRESSIVE;
				CLANG_CXX_LANGUAGE_STANDARD = "gnu++20";
				CLANG_ENABLE_MODULES = YES;
				CLANG_ENABLE_OBJC_ARC = YES;
				CLANG_ENABLE_OBJC_WEAK = YES;
				CLANG_WARN_BLOCK_CAPTURE_AUTORELEASING = YES;
				CLANG_WARN_BOOL_CONVERSION = YES;
				CLANG_WARN_COMMA = YES;
				CLANG_WARN_CONSTANT_CONVERSION = YES;
				CLANG_WARN_DEPRECATED_OBJC_IMPLEMENTATIONS = YES;
				CLANG_WARN_DIRECT_OBJC_ISA_USAGE = YES_ERROR;
				CLANG_WARN_DOCUMENTATION_COMMENTS = YES;
				CLANG_WARN_EMPTY_BODY = YES;
				CLANG_WARN_ENUM_CONVERSION = YES;
				CLANG_WARN_INFINITE_RECURSION = YES;
				CLANG_WARN_INT_CONVERSION = YES;
				CLANG_WARN_NON_LITERAL_NULL_CONVERSION = YES;
				CLANG_WARN_OBJC_IMPLICIT_RETAIN_SELF = YES;
				CLANG_WARN_OBJC_LITERAL_CONVERSION = YES;
				CLANG_WARN_OBJC_ROOT_CLASS = YES_ERROR;
				CLANG_WARN_QUOTED_INCLUDE_IN_FRAMEWORK_HEADER = YES;
				CLANG_WARN_RANGE_LOOP_ANALYSIS = YES;
				CLANG_WARN_STRICT_PROTOTYPES = YES;
				CLANG_WARN_SUSPICIOUS_MOVE = YES;
				CLANG_WARN_UNGUARDED_AVAILABILITY = YES_AGGRESSIVE;
				CLANG_WARN_UNREACHABLE_CODE = YES;
				CLANG_WARN__DUPLICATE_METHOD_MATCH = YES;
				COPY_PHASE_STRIP = NO;
				DEBUG_INFORMATION_FORMAT = "dwarf-with-dsym";
				ENABLE_NS_ASSERTIONS = NO;
				ENABLE_STRICT_OBJC_MSGSEND = YES;
				ENABLE_USER_SCRIPT_SANDBOXING = YES;
				GCC_C_LANGUAGE_STANDARD = gnu17;
				GCC_NO_COMMON_BLOCKS = YES;
				GCC_WARN_64_TO_32_BIT_CONVERSION = YES;
				GCC_WARN_ABOUT_RETURN_TYPE = YES_ERROR;
				GCC_WARN_UNDECLARED_SELECTOR = YES;
				GCC_WARN_UNINITIALIZED_AUTOS = YES_AGGRESSIVE;
				GCC_WARN_UNUSED_FUNCTION = YES;
				GCC_WARN_UNUSED_VARIABLE = YES;
				IPHONEOS_DEPLOYMENT_TARGET = 18.5;
				LOCALIZATION_PREFERS_STRING_CATALOGS = YES;
				MTL_ENABLE_DEBUG_INFO = NO;
				MTL_FAST_MATH = YES;
				SDKROOT = iphoneos;
				SWIFT_COMPILATION_MODE = wholemodule;
				VALIDATE_PRODUCT = YES;
			};
			name = Release;
		};
		B807338F2E58553F00B3551C /* Debug */ = {
			isa = XCBuildConfiguration;
			buildSettings = {
				ASSETCATALOG_COMPILER_APPICON_NAME = AppIcon;
				ASSETCATALOG_COMPILER_GLOBAL_ACCENT_COLOR_NAME = AccentColor;
				CODE_SIGN_STYLE = Automatic;
				CURRENT_PROJECT_VERSION = 1;
				ENABLE_PREVIEWS = YES;
				GENERATE_INFOPLIST_FILE = YES;
				INFOPLIST_KEY_UIApplicationSceneManifest_Generation = YES;
				INFOPLIST_KEY_UIApplicationSupportsIndirectInputEvents = YES;
				INFOPLIST_KEY_UILaunchScreen_Generation = YES;
				INFOPLIST_KEY_UISupportedInterfaceOrientations_iPad = "UIInterfaceOrientationPortrait UIInterfaceOrientationPortraitUpsideDown UIInterfaceOrientationLandscapeLeft UIInterfaceOrientationLandscapeRight";
				INFOPLIST_KEY_UISupportedInterfaceOrientations_iPhone = "UIInterfaceOrientationPortrait UIInterfaceOrientationLandscapeLeft UIInterfaceOrientationLandscapeRight";
				LD_RUNPATH_SEARCH_PATHS = (
					"$(inherited)",
					"@executable_path/Frameworks",
				);
				MARKETING_VERSION = 1.0;
				PRODUCT_BUNDLE_IDENTIFIER = "TestApp.Tutor-Panel";
				PRODUCT_NAME = "$(TARGET_NAME)";
				SWIFT_EMIT_LOC_STRINGS = YES;
				SWIFT_VERSION = 5.0;
				TARGETED_DEVICE_FAMILY = "1,2";
			};
			name = Debug;
		};
		B80733902E58553F00B3551C /* Release */ = {
			isa = XCBuildConfiguration;
			buildSettings = {
				ASSETCATALOG_COMPILER_APPICON_NAME = AppIcon;
				ASSETCATALOG_COMPILER_GLOBAL_ACCENT_COLOR_NAME = AccentColor;
				CODE_SIGN_STYLE = Automatic;
				CURRENT_PROJECT_VERSION = 1;
				ENABLE_PREVIEWS = YES;
				GENERATE_INFOPLIST_FILE = YES;
				INFOPLIST_KEY_UIApplicationSceneManifest_Generation = YES;
				INFOPLIST_KEY_UIApplicationSupportsIndirectInputEvents = YES;
				INFOPLIST_KEY_UILaunchScreen_Generation = YES;
				INFOPLIST_KEY_UISupportedInterfaceOrientations_iPad = "UIInterfaceOrientationPortrait UIInterfaceOrientationPortraitUpsideDown UIInterfaceOrientationLandscapeLeft UIInterfaceOrientationLandscapeRight";
				INFOPLIST_KEY_UISupportedInterfaceOrientations_iPhone = "UIInterfaceOrientationPortrait UIInterfaceOrientationLandscapeLeft UIInterfaceOrientationLandscapeRight";
				LD_RUNPATH_SEARCH_PATHS = (
					"$(inherited)",
					"@executable_path/Frameworks",
				);
				MARKETING_VERSION = 1.0;
				PRODUCT_BUNDLE_IDENTIFIER = "TestApp.Tutor-Panel";
				PRODUCT_NAME = "$(TARGET_NAME)";
				SWIFT_EMIT_LOC_STRINGS = YES;
				SWIFT_VERSION = 5.0;
				TARGETED_DEVICE_FAMILY = "1,2";
			};
			name = Release;
		};
		B80733922E58553F00B3551C /* Debug */ = {
			isa = XCBuildConfiguration;
			buildSettings = {
				BUNDLE_LOADER = "$(TEST_HOST)";
				CODE_SIGN_STYLE = Automatic;
				CURRENT_PROJECT_VERSION = 1;
				GENERATE_INFOPLIST_FILE = YES;
				IPHONEOS_DEPLOYMENT_TARGET = 18.5;
				MARKETING_VERSION = 1.0;
				PRODUCT_BUNDLE_IDENTIFIER = "TestApp.Tutor-PanelTests";
				PRODUCT_NAME = "$(TARGET_NAME)";
				SWIFT_EMIT_LOC_STRINGS = NO;
				SWIFT_VERSION = 5.0;
				TARGETED_DEVICE_FAMILY = "1,2";
				TEST_HOST = "$(BUILT_PRODUCTS_DIR)/Tutor Panel.app/$(BUNDLE_EXECUTABLE_FOLDER_PATH)/Tutor Panel";
			};
			name = Debug;
		};
		B80733932E58553F00B3551C /* Release */ = {
			isa = XCBuildConfiguration;
			buildSettings = {
				BUNDLE_LOADER = "$(TEST_HOST)";
				CODE_SIGN_STYLE = Automatic;
				CURRENT_PROJECT_VERSION = 1;
				GENERATE_INFOPLIST_FILE = YES;
				IPHONEOS_DEPLOYMENT_TARGET = 18.5;
				MARKETING_VERSION = 1.0;
				PRODUCT_BUNDLE_IDENTIFIER = "TestApp.Tutor-PanelTests";
				PRODUCT_NAME = "$(TARGET_NAME)";
				SWIFT_EMIT_LOC_STRINGS = NO;
				SWIFT_VERSION = 5.0;
				TARGETED_DEVICE_FAMILY = "1,2";
				TEST_HOST = "$(BUILT_PRODUCTS_DIR)/Tutor Panel.app/$(BUNDLE_EXECUTABLE_FOLDER_PATH)/Tutor Panel";
			};
			name = Release;
		};
		B80733952E58553F00B3551C /* Debug */ = {
			isa = XCBuildConfiguration;
			buildSettings = {
				CODE_SIGN_STYLE = Automatic;
				CURRENT_PROJECT_VERSION = 1;
				GENERATE_INFOPLIST_FILE = YES;
				MARKETING_VERSION = 1.0;
				PRODUCT_BUNDLE_IDENTIFIER = "TestApp.Tutor-PanelUITests";
				PRODUCT_NAME = "$(TARGET_NAME)";
				SWIFT_EMIT_LOC_STRINGS = NO;
				SWIFT_VERSION = 5.0;
				TARGETED_DEVICE_FAMILY = "1,2";
				TEST_TARGET_NAME = "Tutor Panel";
			};
			name = Debug;
		};
		B80733962E58553F00B3551C /* Release */ = {
			isa = XCBuildConfiguration;
			buildSettings = {
				CODE_SIGN_STYLE = Automatic;
				CURRENT_PROJECT_VERSION = 1;
				GENERATE_INFOPLIST_FILE = YES;
				MARKETING_VERSION = 1.0;
				PRODUCT_BUNDLE_IDENTIFIER = "TestApp.Tutor-PanelUITests";
				PRODUCT_NAME = "$(TARGET_NAME)";
				SWIFT_EMIT_LOC_STRINGS = NO;
				SWIFT_VERSION = 5.0;
				TARGETED_DEVICE_FAMILY = "1,2";
				TEST_TARGET_NAME = "Tutor Panel";
			};
			name = Release;
		};
/* End XCBuildConfiguration section */

/* Begin XCConfigurationList section */
		B80733682E58553D00B3551C /* Build configuration list for PBXProject "Tutor Panel" */ = {
			isa = XCConfigurationList;
			buildConfigurations = (
				B807338C2E58553F00B3551C /* Debug */,
				B807338D2E58553F00B3551C /* Release */,
			);
			defaultConfigurationIsVisible = 0;
			defaultConfigurationName = Release;
		};
		B807338E2E58553F00B3551C /* Build configuration list for PBXNativeTarget "Tutor Panel" */ = {
			isa = XCConfigurationList;
			buildConfigurations = (
				B807338F2E58553F00B3551C /* Debug */,
				B80733902E58553F00B3551C /* Release */,
			);
			defaultConfigurationIsVisible = 0;
			defaultConfigurationName = Release;
		};
		B80733912E58553F00B3551C /* Build configuration list for PBXNativeTarget "Tutor PanelTests" */ = {
			isa = XCConfigurationList;
			buildConfigurations = (
				B80733922E58553F00B3551C /* Debug */,
				B80733932E58553F00B3551C /* Release */,
			);
			defaultConfigurationIsVisible = 0;
			defaultConfigurationName = Release;
		};
		B80733942E58553F00B3551C /* Build configuration list for PBXNativeTarget "Tutor PanelUITests" */ = {
			isa = XCConfigurationList;
			buildConfigurations = (
				B80733952E58553F00B3551C /* Debug */,
				B80733962E58553F00B3551C /* Release */,
			);
			defaultConfigurationIsVisible = 0;
			defaultConfigurationName = Release;
		};
/* End XCConfigurationList section */

/* Begin XCRemoteSwiftPackageReference section */
		B82307042E68412900D7C86D /* XCRemoteSwiftPackageReference "Alamofire" */ = {
			isa = XCRemoteSwiftPackageReference;
			repositoryURL = "https://github.com/Alamofire/Alamofire.git";
			requirement = {
				kind = upToNextMajorVersion;
				minimumVersion = 5.10.2;
			};
		};
/* End XCRemoteSwiftPackageReference section */
	};
	rootObject = B80733652E58553D00B3551C /* Project object */;
}
